
Microsoft Visual Studio Solution File, Format Version 12.00
Project("{FAE04EC0-301F-11D3-BF4B-00C04F79EFBC}") = "Server", "Server.csproj", "{1470C3A8-F6AE-4C4B-B030-FBA755174976}"
EndProject
Global
	GlobalSection(SolutionConfigurationPlatforms) = preSolution
		Debug|Any CPU = Debug|Any CPU
		Release|Any CPU = Release|Any CPU
	EndGlobalSection
	GlobalSection(ProjectConfigurationPlatforms) = postSolution
		{1470C3A8-F6AE-4C4B-B030-FBA755174976}.Debug|Any CPU.ActiveCfg = Debug|Any CPU
		{1470C3A8-F6AE-4C4B-B030-FBA755174976}.Debug|Any CPU.Build.0 = Debug|Any CPU
		{1470C3A8-F6AE-4C4B-B030-FBA755174976}.Release|Any CPU.ActiveCfg = Release|Any CPU
		{1470C3A8-F6AE-4C4B-B030-FBA755174976}.Release|Any CPU.Build.0 = Release|Any CPU
	EndGlobalSection
EndGlobal
